
Microsoft Visual Studio Solution File, Format Version 12.00
# Visual Studio Version 16
VisualStudioVersion = 16.0.31702.278
MinimumVisualStudioVersion = 10.0.40219.1
Project("{FAE04EC0-301F-11D3-BF4B-00C04F79EFBC}") = "Activity8", "Activity8.csproj", "{407D2BE8-512C-4EE1-9AFA-97FE59DA7BEB}"
EndProject
Global
	GlobalSection(SolutionConfigurationPlatforms) = preSolution
		Debug|Any CPU = Debug|Any CPU
		Release|Any CPU = Release|Any CPU
	EndGlobalSection
	GlobalSection(ProjectConfigurationPlatforms) = postSolution
		{407D2BE8-512C-4EE1-9AFA-97FE59DA7BEB}.Debug|Any CPU.ActiveCfg = Debug|Any CPU
		{407D2BE8-512C-4EE1-9AFA-97FE59DA7BEB}.Debug|Any CPU.Build.0 = Debug|Any CPU
		{407D2BE8-512C-4EE1-9AFA-97FE59DA7BEB}.Release|Any CPU.ActiveCfg = Release|Any CPU
		{407D2BE8-512C-4EE1-9AFA-97FE59DA7BEB}.Release|Any CPU.Build.0 = Release|Any CPU
	EndGlobalSection
	GlobalSection(SolutionProperties) = preSolution
		HideSolutionNode = FALSE
	EndGlobalSection
	GlobalSection(ExtensibilityGlobals) = postSolution
		SolutionGuid = {5D7FB202-5032-4142-91CA-69BC5A93365E}
	EndGlobalSection
EndGlobal
